
Microsoft Visual Studio Solution File, Format Version 12.00
# Visual Studio Version 17
VisualStudioVersion = 17.14.37216.2 d17.14
MinimumVisualStudioVersion = 10.0.40219.1
Project("{FAE04EC0-301F-11D3-BF4B-00C04F79EFBC}") = "Med9Dump", "Med9Dump.csproj", "{66605944-66F6-44FA-8082-FFC089CFC3FF}"
EndProject
Global
	GlobalSection(SolutionConfigurationPlatforms) = preSolution
		Debug|Any CPU = Debug|Any CPU
		Release|Any CPU = Release|Any CPU
	EndGlobalSection
	GlobalSection(ProjectConfigurationPlatforms) = postSolution
		{66605944-66F6-44FA-8082-FFC089CFC3FF}.Debug|Any CPU.ActiveCfg = Debug|Any CPU
		{66605944-66F6-44FA-8082-FFC089CFC3FF}.Debug|Any CPU.Build.0 = Debug|Any CPU
		{66605944-66F6-44FA-8082-FFC089CFC3FF}.Release|Any CPU.ActiveCfg = Release|Any CPU
		{66605944-66F6-44FA-8082-FFC089CFC3FF}.Release|Any CPU.Build.0 = Release|Any CPU
	EndGlobalSection
	GlobalSection(SolutionProperties) = preSolution
		HideSolutionNode = FALSE
	EndGlobalSection
	GlobalSection(ExtensibilityGlobals) = postSolution
		SolutionGuid = {7293286B-73A9-4B3C-84D3-0B6F980F1C49}
	EndGlobalSection
EndGlobal
